
Microsoft Visual Studio Solution File, Format Version 12.00
# Visual Studio Version 17
VisualStudioVersion = 17.0.32112.339
MinimumVisualStudioVersion = 10.0.40219.1
Project("{9A19103F-16F7-4668-BE54-9A1E7A4F7556}") = "WebApi", "WebApi\WebApi.csproj", "{3E519FA4-BE7F-44DB-A0AB-4CA4F7DF9E1A}"
EndProject
Project("{9A19103F-16F7-4668-BE54-9A1E7A4F7556}") = "Data", "..\marketbll\Data\Data.csproj", "{97841BF6-F55C-4380-847C-1AABC7400181}"
EndProject
Project("{9A19103F-16F7-4668-BE54-9A1E7A4F7556}") = "Business", "..\marketbll\Business\Business.csproj", "{0F2E0900-1064-4ADB-8922-2998FF848D95}"
EndProject
Global
	GlobalSection(SolutionConfigurationPlatforms) = preSolution
		Debug|Any CPU = Debug|Any CPU
		Release|Any CPU = Release|Any CPU
	EndGlobalSection
	GlobalSection(ProjectConfigurationPlatforms) = postSolution
		{3E519FA4-BE7F-44DB-A0AB-4CA4F7DF9E1A}.Debug|Any CPU.ActiveCfg = Debug|Any CPU
		{3E519FA4-BE7F-44DB-A0AB-4CA4F7DF9E1A}.Debug|Any CPU.Build.0 = Debug|Any CPU
		{3E519FA4-BE7F-44DB-A0AB-4CA4F7DF9E1A}.Release|Any CPU.ActiveCfg = Release|Any CPU
		{3E519FA4-BE7F-44DB-A0AB-4CA4F7DF9E1A}.Release|Any CPU.Build.0 = Release|Any CPU
		{97841BF6-F55C-4380-847C-1AABC7400181}.Debug|Any CPU.ActiveCfg = Debug|Any CPU
		{97841BF6-F55C-4380-847C-1AABC7400181}.Debug|Any CPU.Build.0 = Debug|Any CPU
		{97841BF6-F55C-4380-847C-1AABC7400181}.Release|Any CPU.ActiveCfg = Release|Any CPU
		{97841BF6-F55C-4380-847C-1AABC7400181}.Release|Any CPU.Build.0 = Release|Any CPU
		{0F2E0900-1064-4ADB-8922-2998FF848D95}.Debug|Any CPU.ActiveCfg = Debug|Any CPU
		{0F2E0900-1064-4ADB-8922-2998FF848D95}.Debug|Any CPU.Build.0 = Debug|Any CPU
		{0F2E0900-1064-4ADB-8922-2998FF848D95}.Release|Any CPU.ActiveCfg = Release|Any CPU
		{0F2E0900-1064-4ADB-8922-2998FF848D95}.Release|Any CPU.Build.0 = Release|Any CPU
	EndGlobalSection
	GlobalSection(SolutionProperties) = preSolution
		HideSolutionNode = FALSE
	EndGlobalSection
	GlobalSection(ExtensibilityGlobals) = postSolution
		SolutionGuid = {92C0B3BD-E8AD-40CE-9009-11FA850B5ED3}
	EndGlobalSection
EndGlobal
